// !$*UTF8*$!
{
	archiveVersion = 1;
	classes = {
	};
	objectVersion = 46;
	objects = {

/* Begin PBXBuildFile section */
		5FC01C4B1CC764FC007EE47F /* AppDelegate.swift in Sources */ = {isa = PBXBuildFile; fileRef = 5FC01C4A1CC764FC007EE47F /* AppDelegate.swift */; };
		5FC01C4D1CC764FC007EE47F /* ViewController.swift in Sources */ = {isa = PBXBuildFile; fileRef = 5FC01C4C1CC764FC007EE47F /* ViewController.swift */; };
		5FC01C501CC764FC007EE47F /* Main.storyboard in Resources */ = {isa = PBXBuildFile; fileRef = 5FC01C4E1CC764FC007EE47F /* Main.storyboard */; };
		5FC01C521CC764FC007EE47F /* Assets.xcassets in Resources */ = {isa = PBXBuildFile; fileRef = 5FC01C511CC764FC007EE47F /* Assets.xcassets */; };
		5FC01C551CC764FC007EE47F /* LaunchScreen.storyboard in Resources */ = {isa = PBXBuildFile; fileRef = 5FC01C531CC764FC007EE47F /* LaunchScreen.storyboard */; };
		5FC01C601CC764FC007EE47F /* Producitivity_TimerTests.swift in Sources */ = {isa = PBXBuildFile; fileRef = 5FC01C5F1CC764FC007EE47F /* Producitivity_TimerTests.swift */; };
		5FC01C6B1CC764FC007EE47F /* Producitivity_TimerUITests.swift in Sources */ = {isa = PBXBuildFile; fileRef = 5FC01C6A1CC764FC007EE47F /* Producitivity_TimerUITests.swift */; };
		5FC01C701CC764FC007EE47F /* Producitivity Timer WatchKit App.app in Embed Watch Content */ = {isa = PBXBuildFile; fileRef = 5FC01C6F1CC764FC007EE47F /* Producitivity Timer WatchKit App.app */; };
		5FC01C761CC764FC007EE47F /* Interface.storyboard in Resources */ = {isa = PBXBuildFile; fileRef = 5FC01C741CC764FC007EE47F /* Interface.storyboard */; };
		5FC01C781CC764FC007EE47F /* Assets.xcassets in Resources */ = {isa = PBXBuildFile; fileRef = 5FC01C771CC764FC007EE47F /* Assets.xcassets */; };
		5FC01C7F1CC764FC007EE47F /* Producitivity Timer WatchKit Extension.appex in Embed App Extensions */ = {isa = PBXBuildFile; fileRef = 5FC01C7E1CC764FC007EE47F /* Producitivity Timer WatchKit Extension.appex */; settings = {ATTRIBUTES = (RemoveHeadersOnCopy, ); }; };
		5FC01C861CC764FC007EE47F /* InterfaceController.swift in Sources */ = {isa = PBXBuildFile; fileRef = 5FC01C851CC764FC007EE47F /* InterfaceController.swift */; };
		5FC01C881CC764FC007EE47F /* ExtensionDelegate.swift in Sources */ = {isa = PBXBuildFile; fileRef = 5FC01C871CC764FC007EE47F /* ExtensionDelegate.swift */; };
		5FC01C8A1CC764FC007EE47F /* NotificationController.swift in Sources */ = {isa = PBXBuildFile; fileRef = 5FC01C891CC764FC007EE47F /* NotificationController.swift */; };
		5FC01C8C1CC764FC007EE47F /* GlanceController.swift in Sources */ = {isa = PBXBuildFile; fileRef = 5FC01C8B1CC764FC007EE47F /* GlanceController.swift */; };
		5FC01C8E1CC764FC007EE47F /* ComplicationController.swift in Sources */ = {isa = PBXBuildFile; fileRef = 5FC01C8D1CC764FC007EE47F /* ComplicationController.swift */; };
		5FC01C901CC764FC007EE47F /* Assets.xcassets in Resources */ = {isa = PBXBuildFile; fileRef = 5FC01C8F1CC764FC007EE47F /* Assets.xcassets */; };
/* End PBXBuildFile section */

/* Begin PBXContainerItemProxy section */
		5FC01C5C1CC764FC007EE47F /* PBXContainerItemProxy */ = {
			isa = PBXContainerItemProxy;
			containerPortal = 5FC01C3F1CC764FC007EE47F /* Project object */;
			proxyType = 1;
			remoteGlobalIDString = 5FC01C461CC764FC007EE47F;
			remoteInfo = "Producitivity Timer";
		};
		5FC01C671CC764FC007EE47F /* PBXContainerItemProxy */ = {
			isa = PBXContainerItemProxy;
			containerPortal = 5FC01C3F1CC764FC007EE47F /* Project object */;
			proxyType = 1;
			remoteGlobalIDString = 5FC01C461CC764FC007EE47F;
			remoteInfo = "Producitivity Timer";
		};
		5FC01C711CC764FC007EE47F /* PBXContainerItemProxy */ = {
			isa = PBXContainerItemProxy;
			containerPortal = 5FC01C3F1CC764FC007EE47F /* Project object */;
			proxyType = 1;
			remoteGlobalIDString = 5FC01C6E1CC764FC007EE47F;
			remoteInfo = "Producitivity Timer WatchKit App";
		};
		5FC01C801CC764FC007EE47F /* PBXContainerItemProxy */ = {
			isa = PBXContainerItemProxy;
			containerPortal = 5FC01C3F1CC764FC007EE47F /* Project object */;
			proxyType = 1;
			remoteGlobalIDString = 5FC01C7D1CC764FC007EE47F;
			remoteInfo = "Producitivity Timer WatchKit Extension";
		};
/* End PBXContainerItemProxy section */

/* Begin PBXCopyFilesBuildPhase section */
		5FC01C971CC764FC007EE47F /* Embed App Extensions */ = {
			isa = PBXCopyFilesBuildPhase;
			buildActionMask = 2147483647;
			dstPath = "";
			dstSubfolderSpec = 13;
			files = (
				5FC01C7F1CC764FC007EE47F /* Producitivity Timer WatchKit Extension.appex in Embed App Extensions */,
			);
			name = "Embed App Extensions";
			runOnlyForDeploymentPostprocessing = 0;
		};
		5FC01C9B1CC764FC007EE47F /* Embed Watch Content */ = {
			isa = PBXCopyFilesBuildPhase;
			buildActionMask = 2147483647;
			dstPath = "$(CONTENTS_FOLDER_PATH)/Watch";
			dstSubfolderSpec = 16;
			files = (
				5FC01C701CC764FC007EE47F /* Producitivity Timer WatchKit App.app in Embed Watch Content */,
			);
			name = "Embed Watch Content";
			runOnlyForDeploymentPostprocessing = 0;
		};
/* End PBXCopyFilesBuildPhase section */

/* Begin PBXFileReference section */
		5FC01C471CC764FC007EE47F /* Producitivity Timer.app */ = {isa = PBXFileReference; explicitFileType = wrapper.application; includeInIndex = 0; path = "Producitivity Timer.app"; sourceTree = BUILT_PRODUCTS_DIR; };
		5FC01C4A1CC764FC007EE47F /* AppDelegate.swift */ = {isa = PBXFileReference; lastKnownFileType = sourcecode.swift; path = AppDelegate.swift; sourceTree = "<group>"; };
		5FC01C4C1CC764FC007EE47F /* ViewController.swift */ = {isa = PBXFileReference; lastKnownFileType = sourcecode.swift; path = ViewController.swift; sourceTree = "<group>"; };
		5FC01C4F1CC764FC007EE47F /* Base */ = {isa = PBXFileReference; lastKnownFileType = file.storyboard; name = Base; path = Base.lproj/Main.storyboard; sourceTree = "<group>"; };
		5FC01C511CC764FC007EE47F /* Assets.xcassets */ = {isa = PBXFileReference; lastKnownFileType = folder.assetcatalog; path = Assets.xcassets; sourceTree = "<group>"; };
		5FC01C541CC764FC007EE47F /* Base */ = {isa = PBXFileReference; lastKnownFileType = file.storyboard; name = Base; path = Base.lproj/LaunchScreen.storyboard; sourceTree = "<group>"; };
		5FC01C561CC764FC007EE47F /* Info.plist */ = {isa = PBXFileReference; lastKnownFileType = text.plist.xml; path = Info.plist; sourceTree = "<group>"; };
		5FC01C5B1CC764FC007EE47F /* Producitivity TimerTests.xctest */ = {isa = PBXFileReference; explicitFileType = wrapper.cfbundle; includeInIndex = 0; path = "Producitivity TimerTests.xctest"; sourceTree = BUILT_PRODUCTS_DIR; };
		5FC01C5F1CC764FC007EE47F /* Producitivity_TimerTests.swift */ = {isa = PBXFileReference; lastKnownFileType = sourcecode.swift; path = Producitivity_TimerTests.swift; sourceTree = "<group>"; };
		5FC01C611CC764FC007EE47F /* Info.plist */ = {isa = PBXFileReference; lastKnownFileType = text.plist.xml; path = Info.plist; sourceTree = "<group>"; };
		5FC01C661CC764FC007EE47F /* Producitivity TimerUITests.xctest */ = {isa = PBXFileReference; explicitFileType = wrapper.cfbundle; includeInIndex = 0; path = "Producitivity TimerUITests.xctest"; sourceTree = BUILT_PRODUCTS_DIR; };
		5FC01C6A1CC764FC007EE47F /* Producitivity_TimerUITests.swift */ = {isa = PBXFileReference; lastKnownFileType = sourcecode.swift; path = Producitivity_TimerUITests.swift; sourceTree = "<group>"; };
		5FC01C6C1CC764FC007EE47F /* Info.plist */ = {isa = PBXFileReference; lastKnownFileType = text.plist.xml; path = Info.plist; sourceTree = "<group>"; };
		5FC01C6F1CC764FC007EE47F /* Producitivity Timer WatchKit App.app */ = {isa = PBXFileReference; explicitFileType = wrapper.application; includeInIndex = 0; path = "Producitivity Timer WatchKit App.app"; sourceTree = BUILT_PRODUCTS_DIR; };
		5FC01C751CC764FC007EE47F /* Base */ = {isa = PBXFileReference; lastKnownFileType = file.storyboard; name = Base; path = Base.lproj/Interface.storyboard; sourceTree = "<group>"; };
		5FC01C771CC764FC007EE47F /* Assets.xcassets */ = {isa = PBXFileReference; lastKnownFileType = folder.assetcatalog; path = Assets.xcassets; sourceTree = "<group>"; };
		5FC01C791CC764FC007EE47F /* Info.plist */ = {isa = PBXFileReference; lastKnownFileType = text.plist.xml; path = Info.plist; sourceTree = "<group>"; };
		5FC01C7E1CC764FC007EE47F /* Producitivity Timer WatchKit Extension.appex */ = {isa = PBXFileReference; explicitFileType = "wrapper.app-extension"; includeInIndex = 0; path = "Producitivity Timer WatchKit Extension.appex"; sourceTree = BUILT_PRODUCTS_DIR; };
		5FC01C841CC764FC007EE47F /* PushNotificationPayload.apns */ = {isa = PBXFileReference; lastKnownFileType = text; path = PushNotificationPayload.apns; sourceTree = "<group>"; };
		5FC01C851CC764FC007EE47F /* InterfaceController.swift */ = {isa = PBXFileReference; lastKnownFileType = sourcecode.swift; path = InterfaceController.swift; sourceTree = "<group>"; };
		5FC01C871CC764FC007EE47F /* ExtensionDelegate.swift */ = {isa = PBXFileReference; lastKnownFileType = sourcecode.swift; path = ExtensionDelegate.swift; sourceTree = "<group>"; };
		5FC01C891CC764FC007EE47F /* NotificationController.swift */ = {isa = PBXFileReference; lastKnownFileType = sourcecode.swift; path = NotificationController.swift; sourceTree = "<group>"; };
		5FC01C8B1CC764FC007EE47F /* GlanceController.swift */ = {isa = PBXFileReference; lastKnownFileType = sourcecode.swift; path = GlanceController.swift; sourceTree = "<group>"; };
		5FC01C8D1CC764FC007EE47F /* ComplicationController.swift */ = {isa = PBXFileReference; lastKnownFileType = sourcecode.swift; path = ComplicationController.swift; sourceTree = "<group>"; };
		5FC01C8F1CC764FC007EE47F /* Assets.xcassets */ = {isa = PBXFileReference; lastKnownFileType = folder.assetcatalog; path = Assets.xcassets; sourceTree = "<group>"; };
		5FC01C911CC764FC007EE47F /* Info.plist */ = {isa = PBXFileReference; lastKnownFileType = text.plist.xml; path = Info.plist; sourceTree = "<group>"; };
/* End PBXFileReference section */

/* Begin PBXFrameworksBuildPhase section */
		5FC01C441CC764FC007EE47F /* Frameworks */ = {
			isa = PBXFrameworksBuildPhase;
			buildActionMask = 2147483647;
			files = (
			);
			runOnlyForDeploymentPostprocessing = 0;
		};
		5FC01C581CC764FC007EE47F /* Frameworks */ = {
			isa = PBXFrameworksBuildPhase;
			buildActionMask = 2147483647;
			files = (
			);
			runOnlyForDeploymentPostprocessing = 0;
		};
		5FC01C631CC764FC007EE47F /* Frameworks */ = {
			isa = PBXFrameworksBuildPhase;
			buildActionMask = 2147483647;
			files = (
			);
			runOnlyForDeploymentPostprocessing = 0;
		};
		5FC01C7B1CC764FC007EE47F /* Frameworks */ = {
			isa = PBXFrameworksBuildPhase;
			buildActionMask = 2147483647;
			files = (
			);
			runOnlyForDeploymentPostprocessing = 0;
		};
/* End PBXFrameworksBuildPhase section */

/* Begin PBXGroup section */
		5FC01C3E1CC764FC007EE47F = {
			isa = PBXGroup;
			children = (
				5FC01C491CC764FC007EE47F /* Producitivity Timer */,
				5FC01C5E1CC764FC007EE47F /* Producitivity TimerTests */,
				5FC01C691CC764FC007EE47F /* Producitivity TimerUITests */,
				5FC01C731CC764FC007EE47F /* Producitivity Timer WatchKit App */,
				5FC01C821CC764FC007EE47F /* Producitivity Timer WatchKit Extension */,
				5FC01C481CC764FC007EE47F /* Products */,
			);
			sourceTree = "<group>";
		};
		5FC01C481CC764FC007EE47F /* Products */ = {
			isa = PBXGroup;
			children = (
				5FC01C471CC764FC007EE47F /* Producitivity Timer.app */,
				5FC01C5B1CC764FC007EE47F /* Producitivity TimerTests.xctest */,
				5FC01C661CC764FC007EE47F /* Producitivity TimerUITests.xctest */,
				5FC01C6F1CC764FC007EE47F /* Producitivity Timer WatchKit App.app */,
				5FC01C7E1CC764FC007EE47F /* Producitivity Timer WatchKit Extension.appex */,
			);
			name = Products;
			sourceTree = "<group>";
		};
		5FC01C491CC764FC007EE47F /* Producitivity Timer */ = {
			isa = PBXGroup;
			children = (
				5FC01C4A1CC764FC007EE47F /* AppDelegate.swift */,
				5FC01C4C1CC764FC007EE47F /* ViewController.swift */,
				5FC01C4E1CC764FC007EE47F /* Main.storyboard */,
				5FC01C511CC764FC007EE47F /* Assets.xcassets */,
				5FC01C531CC764FC007EE47F /* LaunchScreen.storyboard */,
				5FC01C561CC764FC007EE47F /* Info.plist */,
			);
			path = "Producitivity Timer";
			sourceTree = "<group>";
		};
		5FC01C5E1CC764FC007EE47F /* Producitivity TimerTests */ = {
			isa = PBXGroup;
			children = (
				5FC01C5F1CC764FC007EE47F /* Producitivity_TimerTests.swift */,
				5FC01C611CC764FC007EE47F /* Info.plist */,
			);
			path = "Producitivity TimerTests";
			sourceTree = "<group>";
		};
		5FC01C691CC764FC007EE47F /* Producitivity TimerUITests */ = {
			isa = PBXGroup;
			children = (
				5FC01C6A1CC764FC007EE47F /* Producitivity_TimerUITests.swift */,
				5FC01C6C1CC764FC007EE47F /* Info.plist */,
			);
			path = "Producitivity TimerUITests";
			sourceTree = "<group>";
		};
		5FC01C731CC764FC007EE47F /* Producitivity Timer WatchKit App */ = {
			isa = PBXGroup;
			children = (
				5FC01C741CC764FC007EE47F /* Interface.storyboard */,
				5FC01C771CC764FC007EE47F /* Assets.xcassets */,
				5FC01C791CC764FC007EE47F /* Info.plist */,
			);
			path = "Producitivity Timer WatchKit App";
			sourceTree = "<group>";
		};
		5FC01C821CC764FC007EE47F /* Producitivity Timer WatchKit Extension */ = {
			isa = PBXGroup;
			children = (
				5FC01C851CC764FC007EE47F /* InterfaceController.swift */,
				5FC01C871CC764FC007EE47F /* ExtensionDelegate.swift */,
				5FC01C891CC764FC007EE47F /* NotificationController.swift */,
				5FC01C8B1CC764FC007EE47F /* GlanceController.swift */,
				5FC01C8D1CC764FC007EE47F /* ComplicationController.swift */,
				5FC01C8F1CC764FC007EE47F /* Assets.xcassets */,
				5FC01C911CC764FC007EE47F /* Info.plist */,
				5FC01C831CC764FC007EE47F /* Supporting Files */,
			);
			path = "Producitivity Timer WatchKit Extension";
			sourceTree = "<group>";
		};
		5FC01C831CC764FC007EE47F /* Supporting Files */ = {
			isa = PBXGroup;
			children = (
				5FC01C841CC764FC007EE47F /* PushNotificationPayload.apns */,
			);
			name = "Supporting Files";
			sourceTree = "<group>";
		};
/* End PBXGroup section */

/* Begin PBXNativeTarget section */
		5FC01C461CC764FC007EE47F /* Producitivity Timer */ = {
			isa = PBXNativeTarget;
			buildConfigurationList = 5FC01C9C1CC764FC007EE47F /* Build configuration list for PBXNativeTarget "Producitivity Timer" */;
			buildPhases = (
				5FC01C431CC764FC007EE47F /* Sources */,
				5FC01C441CC764FC007EE47F /* Frameworks */,
				5FC01C451CC764FC007EE47F /* Resources */,
				5FC01C9B1CC764FC007EE47F /* Embed Watch Content */,
			);
			buildRules = (
			);
			dependencies = (
				5FC01C721CC764FC007EE47F /* PBXTargetDependency */,
			);
			name = "Producitivity Timer";
			productName = "Producitivity Timer";
			productReference = 5FC01C471CC764FC007EE47F /* Producitivity Timer.app */;
			productType = "com.apple.product-type.application";
		};
		5FC01C5A1CC764FC007EE47F /* Producitivity TimerTests */ = {
			isa = PBXNativeTarget;
			buildConfigurationList = 5FC01C9F1CC764FC007EE47F /* Build configuration list for PBXNativeTarget "Producitivity TimerTests" */;
			buildPhases = (
				5FC01C571CC764FC007EE47F /* Sources */,
				5FC01C581CC764FC007EE47F /* Frameworks */,
				5FC01C591CC764FC007EE47F /* Resources */,
			);
			buildRules = (
			);
			dependencies = (
				5FC01C5D1CC764FC007EE47F /* PBXTargetDependency */,
			);
			name = "Producitivity TimerTests";
			productName = "Producitivity TimerTests";
			productReference = 5FC01C5B1CC764FC007EE47F /* Producitivity TimerTests.xctest */;
			productType = "com.apple.product-type.bundle.unit-test";
		};
		5FC01C651CC764FC007EE47F /* Producitivity TimerUITests */ = {
			isa = PBXNativeTarget;
			buildConfigurationList = 5FC01CA21CC764FC007EE47F /* Build configuration list for PBXNativeTarget "Producitivity TimerUITests" */;
			buildPhases = (
				5FC01C621CC764FC007EE47F /* Sources */,
				5FC01C631CC764FC007EE47F /* Frameworks */,
				5FC01C641CC764FC007EE47F /* Resources */,
			);
			buildRules = (
			);
			dependencies = (
				5FC01C681CC764FC007EE47F /* PBXTargetDependency */,
			);
			name = "Producitivity TimerUITests";
			productName = "Producitivity TimerUITests";
			productReference = 5FC01C661CC764FC007EE47F /* Producitivity TimerUITests.xctest */;
			productType = "com.apple.product-type.bundle.ui-testing";
		};
		5FC01C6E1CC764FC007EE47F /* Producitivity Timer WatchKit App */ = {
			isa = PBXNativeTarget;
			buildConfigurationList = 5FC01C981CC764FC007EE47F /* Build configuration list for PBXNativeTarget "Producitivity Timer WatchKit App" */;
			buildPhases = (
				5FC01C6D1CC764FC007EE47F /* Resources */,
				5FC01C971CC764FC007EE47F /* Embed App Extensions */,
			);
			buildRules = (
			);
			dependencies = (
				5FC01C811CC764FC007EE47F /* PBXTargetDependency */,
			);
			name = "Producitivity Timer WatchKit App";
			productName = "Producitivity Timer WatchKit App";
			productReference = 5FC01C6F1CC764FC007EE47F /* Producitivity Timer WatchKit App.app */;
			productType = "com.apple.product-type.application.watchapp2";
		};
		5FC01C7D1CC764FC007EE47F /* Producitivity Timer WatchKit Extension */ = {
			isa = PBXNativeTarget;
			buildConfigurationList = 5FC01C941CC764FC007EE47F /* Build configuration list for PBXNativeTarget "Producitivity Timer WatchKit Extension" */;
			buildPhases = (
				5FC01C7A1CC764FC007EE47F /* Sources */,
				5FC01C7B1CC764FC007EE47F /* Frameworks */,
				5FC01C7C1CC764FC007EE47F /* Resources */,
			);
			buildRules = (
			);
			dependencies = (
			);
			name = "Producitivity Timer WatchKit Extension";
			productName = "Producitivity Timer WatchKit Extension";
			productReference = 5FC01C7E1CC764FC007EE47F /* Producitivity Timer WatchKit Extension.appex */;
			productType = "com.apple.product-type.watchkit2-extension";
		};
/* End PBXNativeTarget section */

/* Begin PBXProject section */
		5FC01C3F1CC764FC007EE47F /* Project object */ = {
			isa = PBXProject;
			attributes = {
				LastSwiftUpdateCheck = 0730;
				LastUpgradeCheck = 0730;
				ORGANIZATIONNAME = "Pasha Cretsu";
				TargetAttributes = {
					5FC01C461CC764FC007EE47F = {
						CreatedOnToolsVersion = 7.3;
					};
					5FC01C5A1CC764FC007EE47F = {
						CreatedOnToolsVersion = 7.3;
						TestTargetID = 5FC01C461CC764FC007EE47F;
					};
					5FC01C651CC764FC007EE47F = {
						CreatedOnToolsVersion = 7.3;
						TestTargetID = 5FC01C461CC764FC007EE47F;
					};
					5FC01C6E1CC764FC007EE47F = {
						CreatedOnToolsVersion = 7.3;
					};
					5FC01C7D1CC764FC007EE47F = {
						CreatedOnToolsVersion = 7.3;
					};
				};
			};
			buildConfigurationList = 5FC01C421CC764FC007EE47F /* Build configuration list for PBXProject "Producitivity Timer" */;
			compatibilityVersion = "Xcode 3.2";
			developmentRegion = English;
			hasScannedForEncodings = 0;
			knownRegions = (
				en,
				Base,
			);
			mainGroup = 5FC01C3E1CC764FC007EE47F;
			productRefGroup = 5FC01C481CC764FC007EE47F /* Products */;
			projectDirPath = "";
			projectRoot = "";
			targets = (
				5FC01C461CC764FC007EE47F /* Producitivity Timer */,
				5FC01C5A1CC764FC007EE47F /* Producitivity TimerTests */,
				5FC01C651CC764FC007EE47F /* Producitivity TimerUITests */,
				5FC01C6E1CC764FC007EE47F /* Producitivity Timer WatchKit App */,
				5FC01C7D1CC764FC007EE47F /* Producitivity Timer WatchKit Extension */,
			);
		};
/* End PBXProject section */

/* Begin PBXResourcesBuildPhase section */
		5FC01C451CC764FC007EE47F /* Resources */ = {
			isa = PBXResourcesBuildPhase;
			buildActionMask = 2147483647;
			files = (
				5FC01C551CC764FC007EE47F /* LaunchScreen.storyboard in Resources */,
				5FC01C521CC764FC007EE47F /* Assets.xcassets in Resources */,
				5FC01C501CC764FC007EE47F /* Main.storyboard in Resources */,
			);
			runOnlyForDeploymentPostprocessing = 0;
		};
		5FC01C591CC764FC007EE47F /* Resources */ = {
			isa = PBXResourcesBuildPhase;
			buildActionMask = 2147483647;
			files = (
			);
			runOnlyForDeploymentPostprocessing = 0;
		};
		5FC01C641CC764FC007EE47F /* Resources */ = {
			isa = PBXResourcesBuildPhase;
			buildActionMask = 2147483647;
			files = (
			);
			runOnlyForDeploymentPostprocessing = 0;
		};
		5FC01C6D1CC764FC007EE47F /* Resources */ = {
			isa = PBXResourcesBuildPhase;
			buildActionMask = 2147483647;
			files = (
				5FC01C781CC764FC007EE47F /* Assets.xcassets in Resources */,
				5FC01C761CC764FC007EE47F /* Interface.storyboard in Resources */,
			);
			runOnlyForDeploymentPostprocessing = 0;
		};
		5FC01C7C1CC764FC007EE47F /* Resources */ = {
			isa = PBXResourcesBuildPhase;
			buildActionMask = 2147483647;
			files = (
				5FC01C901CC764FC007EE47F /* Assets.xcassets in Resources */,
			);
			runOnlyForDeploymentPostprocessing = 0;
		};
/* End PBXResourcesBuildPhase section */

/* Begin PBXSourcesBuildPhase section */
		5FC01C431CC764FC007EE47F /* Sources */ = {
			isa = PBXSourcesBuildPhase;
			buildActionMask = 2147483647;
			files = (
				5FC01C4D1CC764FC007EE47F /* ViewController.swift in Sources */,
				5FC01C4B1CC764FC007EE47F /* AppDelegate.swift in Sources */,
			);
			runOnlyForDeploymentPostprocessing = 0;
		};
		5FC01C571CC764FC007EE47F /* Sources */ = {
			isa = PBXSourcesBuildPhase;
			buildActionMask = 2147483647;
			files = (
				5FC01C601CC764FC007EE47F /* Producitivity_TimerTests.swift in Sources */,
			);
			runOnlyForDeploymentPostprocessing = 0;
		};
		5FC01C621CC764FC007EE47F /* Sources */ = {
			isa = PBXSourcesBuildPhase;
			buildActionMask = 2147483647;
			files = (
				5FC01C6B1CC764FC007EE47F /* Producitivity_TimerUITests.swift in Sources */,
			);
			runOnlyForDeploymentPostprocessing = 0;
		};
		5FC01C7A1CC764FC007EE47F /* Sources */ = {
			isa = PBXSourcesBuildPhase;
			buildActionMask = 2147483647;
			files = (
				5FC01C8A1CC764FC007EE47F /* NotificationController.swift in Sources */,
				5FC01C881CC764FC007EE47F /* ExtensionDelegate.swift in Sources */,
				5FC01C8E1CC764FC007EE47F /* ComplicationController.swift in Sources */,
				5FC01C861CC764FC007EE47F /* InterfaceController.swift in Sources */,
				5FC01C8C1CC764FC007EE47F /* GlanceController.swift in Sources */,
			);
			runOnlyForDeploymentPostprocessing = 0;
		};
/* End PBXSourcesBuildPhase section */

/* Begin PBXTargetDependency section */
		5FC01C5D1CC764FC007EE47F /* PBXTargetDependency */ = {
			isa = PBXTargetDependency;
			target = 5FC01C461CC764FC007EE47F /* Producitivity Timer */;
			targetProxy = 5FC01C5C1CC764FC007EE47F /* PBXContainerItemProxy */;
		};
		5FC01C681CC764FC007EE47F /* PBXTargetDependency */ = {
			isa = PBXTargetDependency;
			target = 5FC01C461CC764FC007EE47F /* Producitivity Timer */;
			targetProxy = 5FC01C671CC764FC007EE47F /* PBXContainerItemProxy */;
		};
		5FC01C721CC764FC007EE47F /* PBXTargetDependency */ = {
			isa = PBXTargetDependency;
			target = 5FC01C6E1CC764FC007EE47F /* Producitivity Timer WatchKit App */;
			targetProxy = 5FC01C711CC764FC007EE47F /* PBXContainerItemProxy */;
		};
		5FC01C811CC764FC007EE47F /* PBXTargetDependency */ = {
			isa = PBXTargetDependency;
			target = 5FC01C7D1CC764FC007EE47F /* Producitivity Timer WatchKit Extension */;
			targetProxy = 5FC01C801CC764FC007EE47F /* PBXContainerItemProxy */;
		};
/* End PBXTargetDependency section */

/* Begin PBXVariantGroup section */
		5FC01C4E1CC764FC007EE47F /* Main.storyboard */ = {
			isa = PBXVariantGroup;
			children = (
				5FC01C4F1CC764FC007EE47F /* Base */,
			);
			name = Main.storyboard;
			sourceTree = "<group>";
		};
		5FC01C531CC764FC007EE47F /* LaunchScreen.storyboard */ = {
			isa = PBXVariantGroup;
			children = (
				5FC01C541CC764FC007EE47F /* Base */,
			);
			name = LaunchScreen.storyboard;
			sourceTree = "<group>";
		};
		5FC01C741CC764FC007EE47F /* Interface.storyboard */ = {
			isa = PBXVariantGroup;
			children = (
				5FC01C751CC764FC007EE47F /* Base */,
			);
			name = Interface.storyboard;
			sourceTree = "<group>";
		};
/* End PBXVariantGroup section */

/* Begin XCBuildConfiguration section */
		5FC01C921CC764FC007EE47F /* Debug */ = {
			isa = XCBuildConfiguration;
			buildSettings = {
				ALWAYS_SEARCH_USER_PATHS = NO;
				CLANG_ANALYZER_NONNULL = YES;
				CLANG_CXX_LANGUAGE_STANDARD = "gnu++0x";
				CLANG_CXX_LIBRARY = "libc++";
				CLANG_ENABLE_MODULES = YES;
				CLANG_ENABLE_OBJC_ARC = YES;
				CLANG_WARN_BOOL_CONVERSION = YES;
				CLANG_WARN_CONSTANT_CONVERSION = YES;
				CLANG_WARN_DIRECT_OBJC_ISA_USAGE = YES_ERROR;
				CLANG_WARN_EMPTY_BODY = YES;
				CLANG_WARN_ENUM_CONVERSION = YES;
				CLANG_WARN_INT_CONVERSION = YES;
				CLANG_WARN_OBJC_ROOT_CLASS = YES_ERROR;
				CLANG_WARN_UNREACHABLE_CODE = YES;
				CLANG_WARN__DUPLICATE_METHOD_MATCH = YES;
				"CODE_SIGN_IDENTITY[sdk=iphoneos*]" = "iPhone Developer";
				COPY_PHASE_STRIP = NO;
				DEBUG_INFORMATION_FORMAT = dwarf;
				ENABLE_STRICT_OBJC_MSGSEND = YES;
				ENABLE_TESTABILITY = YES;
				GCC_C_LANGUAGE_STANDARD = gnu99;
				GCC_DYNAMIC_NO_PIC = NO;
				GCC_NO_COMMON_BLOCKS = YES;
				GCC_OPTIMIZATION_LEVEL = 0;
				GCC_PREPROCESSOR_DEFINITIONS = (
					"DEBUG=1",
					"$(inherited)",
				);
				GCC_WARN_64_TO_32_BIT_CONVERSION = YES;
				GCC_WARN_ABOUT_RETURN_TYPE = YES_ERROR;
				GCC_WARN_UNDECLARED_SELECTOR = YES;
				GCC_WARN_UNINITIALIZED_AUTOS = YES_AGGRESSIVE;
				GCC_WARN_UNUSED_FUNCTION = YES;
				GCC_WARN_UNUSED_VARIABLE = YES;
				IPHONEOS_DEPLOYMENT_TARGET = 9.3;
				MTL_ENABLE_DEBUG_INFO = YES;
				ONLY_ACTIVE_ARCH = YES;
				SDKROOT = iphoneos;
				SWIFT_OPTIMIZATION_LEVEL = "-Onone";
			};
			name = Debug;
		};
		5FC01C931CC764FC007EE47F /* Release */ = {
			isa = XCBuildConfiguration;
			buildSettings = {
				ALWAYS_SEARCH_USER_PATHS = NO;
				CLANG_ANALYZER_NONNULL = YES;
				CLANG_CXX_LANGUAGE_STANDARD = "gnu++0x";
				CLANG_CXX_LIBRARY = "libc++";
				CLANG_ENABLE_MODULES = YES;
				CLANG_ENABLE_OBJC_ARC = YES;
				CLANG_WARN_BOOL_CONVERSION = YES;
				CLANG_WARN_CONSTANT_CONVERSION = YES;
				CLANG_WARN_DIRECT_OBJC_ISA_USAGE = YES_ERROR;
				CLANG_WARN_EMPTY_BODY = YES;
				CLANG_WARN_ENUM_CONVERSION = YES;
				CLANG_WARN_INT_CONVERSION = YES;
				CLANG_WARN_OBJC_ROOT_CLASS = YES_ERROR;
				CLANG_WARN_UNREACHABLE_CODE = YES;
				CLANG_WARN__DUPLICATE_METHOD_MATCH = YES;
				"CODE_SIGN_IDENTITY[sdk=iphoneos*]" = "iPhone Developer";
				COPY_PHASE_STRIP = NO;
				DEBUG_INFORMATION_FORMAT = "dwarf-with-dsym";
				ENABLE_NS_ASSERTIONS = NO;
				ENABLE_STRICT_OBJC_MSGSEND = YES;
				GCC_C_LANGUAGE_STANDARD = gnu99;
				GCC_NO_COMMON_BLOCKS = YES;
				GCC_WARN_64_TO_32_BIT_CONVERSION = YES;
				GCC_WARN_ABOUT_RETURN_TYPE = YES_ERROR;
				GCC_WARN_UNDECLARED_SELECTOR = YES;
				GCC_WARN_UNINITIALIZED_AUTOS = YES_AGGRESSIVE;
				GCC_WARN_UNUSED_FUNCTION = YES;
				GCC_WARN_UNUSED_VARIABLE = YES;
				IPHONEOS_DEPLOYMENT_TARGET = 9.3;
				MTL_ENABLE_DEBUG_INFO = NO;
				SDKROOT = iphoneos;
				VALIDATE_PRODUCT = YES;
			};
			name = Release;
		};
		5FC01C951CC764FC007EE47F /* Debug */ = {
			isa = XCBuildConfiguration;
			buildSettings = {
				ASSETCATALOG_COMPILER_COMPLICATION_NAME = Complication;
				INFOPLIST_FILE = "Producitivity Timer WatchKit Extension/Info.plist";
				LD_RUNPATH_SEARCH_PATHS = "$(inherited) @executable_path/Frameworks @executable_path/../../Frameworks";
				PRODUCT_BUNDLE_IDENTIFIER = "com.qlicks.test.Producitivity-Timer.watchkitapp.watchkitextension";
				PRODUCT_NAME = "${TARGET_NAME}";
				SDKROOT = watchos;
				SKIP_INSTALL = YES;
				TARGETED_DEVICE_FAMILY = 4;
				WATCHOS_DEPLOYMENT_TARGET = 2.2;
			};
			name = Debug;
		};
		5FC01C961CC764FC007EE47F /* Release */ = {
			isa = XCBuildConfiguration;
			buildSettings = {
				ASSETCATALOG_COMPILER_COMPLICATION_NAME = Complication;
				INFOPLIST_FILE = "Producitivity Timer WatchKit Extension/Info.plist";
				LD_RUNPATH_SEARCH_PATHS = "$(inherited) @executable_path/Frameworks @executable_path/../../Frameworks";
				PRODUCT_BUNDLE_IDENTIFIER = "com.qlicks.test.Producitivity-Timer.watchkitapp.watchkitextension";
				PRODUCT_NAME = "${TARGET_NAME}";
				SDKROOT = watchos;
				SKIP_INSTALL = YES;
				TARGETED_DEVICE_FAMILY = 4;
				WATCHOS_DEPLOYMENT_TARGET = 2.2;
			};
			name = Release;
		};
		5FC01C991CC764FC007EE47F /* Debug */ = {
			isa = XCBuildConfiguration;
			buildSettings = {
				ASSETCATALOG_COMPILER_APPICON_NAME = AppIcon;
				EMBEDDED_CONTENT_CONTAINS_SWIFT = YES;
				IBSC_MODULE = Producitivity_Timer_WatchKit_Extension;
				INFOPLIST_FILE = "Producitivity Timer WatchKit App/Info.plist";
				PRODUCT_BUNDLE_IDENTIFIER = "com.qlicks.test.Producitivity-Timer.watchkitapp";
				PRODUCT_NAME = "$(TARGET_NAME)";
				SDKROOT = watchos;
				SKIP_INSTALL = YES;
				TARGETED_DEVICE_FAMILY = 4;
				WATCHOS_DEPLOYMENT_TARGET = 2.2;
			};
			name = Debug;
		};
		5FC01C9A1CC764FC007EE47F /* Release */ = {
			isa = XCBuildConfiguration;
			buildSettings = {
				ASSETCATALOG_COMPILER_APPICON_NAME = AppIcon;
				EMBEDDED_CONTENT_CONTAINS_SWIFT = YES;
				IBSC_MODULE = Producitivity_Timer_WatchKit_Extension;
				INFOPLIST_FILE = "Producitivity Timer WatchKit App/Info.plist";
				PRODUCT_BUNDLE_IDENTIFIER = "com.qlicks.test.Producitivity-Timer.watchkitapp";
				PRODUCT_NAME = "$(TARGET_NAME)";
				SDKROOT = watchos;
				SKIP_INSTALL = YES;
				TARGETED_DEVICE_FAMILY = 4;
				WATCHOS_DEPLOYMENT_TARGET = 2.2;
			};
			name = Release;
		};
		5FC01C9D1CC764FC007EE47F /* Debug */ = {
			isa = XCBuildConfiguration;
			buildSettings = {
				ASSETCATALOG_COMPILER_APPICON_NAME = AppIcon;
				INFOPLIST_FILE = "Producitivity Timer/Info.plist";
				LD_RUNPATH_SEARCH_PATHS = "$(inherited) @executable_path/Frameworks";
				PRODUCT_BUNDLE_IDENTIFIER = "com.qlicks.test.Producitivity-Timer";
				PRODUCT_NAME = "$(TARGET_NAME)";
			};
			name = Debug;
		};
		5FC01C9E1CC764FC007EE47F /* Release */ = {
			isa = XCBuildConfiguration;
			buildSettings = {
				ASSETCATALOG_COMPILER_APPICON_NAME = AppIcon;
				INFOPLIST_FILE = "Producitivity Timer/Info.plist";
				LD_RUNPATH_SEARCH_PATHS = "$(inherited) @executable_path/Frameworks";
				PRODUCT_BUNDLE_IDENTIFIER = "com.qlicks.test.Producitivity-Timer";
				PRODUCT_NAME = "$(TARGET_NAME)";
			};
			name = Release;
		};
		5FC01CA01CC764FC007EE47F /* Debug */ = {
			isa = XCBuildConfiguration;
			buildSettings = {
				BUNDLE_LOADER = "$(TEST_HOST)";
				INFOPLIST_FILE = "Producitivity TimerTests/Info.plist";
				LD_RUNPATH_SEARCH_PATHS = "$(inherited) @executable_path/Frameworks @loader_path/Frameworks";
				PRODUCT_BUNDLE_IDENTIFIER = "com.qlicks.test.Producitivity-TimerTests";
				PRODUCT_NAME = "$(TARGET_NAME)";
				TEST_HOST = "$(BUILT_PRODUCTS_DIR)/Producitivity Timer.app/Producitivity Timer";
			};
			name = Debug;
		};
		5FC01CA11CC764FC007EE47F /* Release */ = {
			isa = XCBuildConfiguration;
			buildSettings = {
				BUNDLE_LOADER = "$(TEST_HOST)";
				INFOPLIST_FILE = "Producitivity TimerTests/Info.plist";
				LD_RUNPATH_SEARCH_PATHS = "$(inherited) @executable_path/Frameworks @loader_path/Frameworks";
				PRODUCT_BUNDLE_IDENTIFIER = "com.qlicks.test.Producitivity-TimerTests";
				PRODUCT_NAME = "$(TARGET_NAME)";
				TEST_HOST = "$(BUILT_PRODUCTS_DIR)/Producitivity Timer.app/Producitivity Timer";
			};
			name = Release;
		};
		5FC01CA31CC764FC007EE47F /* Debug */ = {
			isa = XCBuildConfiguration;
			buildSettings = {
				INFOPLIST_FILE = "Producitivity TimerUITests/Info.plist";
				LD_RUNPATH_SEARCH_PATHS = "$(inherited) @executable_path/Frameworks @loader_path/Frameworks";
				PRODUCT_BUNDLE_IDENTIFIER = "com.qlicks.test.Producitivity-TimerUITests";
				PRODUCT_NAME = "$(TARGET_NAME)";
				TEST_TARGET_NAME = "Producitivity Timer";
			};
			name = Debug;
		};
		5FC01CA41CC764FC007EE47F /* Release */ = {
			isa = XCBuildConfiguration;
			buildSettings = {
				INFOPLIST_FILE = "Producitivity TimerUITests/Info.plist";
				LD_RUNPATH_SEARCH_PATHS = "$(inherited) @executable_path/Frameworks @loader_path/Frameworks";
				PRODUCT_BUNDLE_IDENTIFIER = "com.qlicks.test.Producitivity-TimerUITests";
				PRODUCT_NAME = "$(TARGET_NAME)";
				TEST_TARGET_NAME = "Producitivity Timer";
			};
			name = Release;
		};
/* End XCBuildConfiguration section */

/* Begin XCConfigurationList section */
		5FC01C421CC764FC007EE47F /* Build configuration list for PBXProject "Producitivity Timer" */ = {
			isa = XCConfigurationList;
			buildConfigurations = (
				5FC01C921CC764FC007EE47F /* Debug */,
				5FC01C931CC764FC007EE47F /* Release */,
			);
			defaultConfigurationIsVisible = 0;
			defaultConfigurationName = Release;
		};
		5FC01C941CC764FC007EE47F /* Build configuration list for PBXNativeTarget "Producitivity Timer WatchKit Extension" */ = {
			isa = XCConfigurationList;
			buildConfigurations = (
				5FC01C951CC764FC007EE47F /* Debug */,
				5FC01C961CC764FC007EE47F /* Release */,
			);
			defaultConfigurationIsVisible = 0;
		};
		5FC01C981CC764FC007EE47F /* Build configuration list for PBXNativeTarget "Producitivity Timer WatchKit App" */ = {
			isa = XCConfigurationList;
			buildConfigurations = (
				5FC01C991CC764FC007EE47F /* Debug */,
				5FC01C9A1CC764FC007EE47F /* Release */,
			);
			defaultConfigurationIsVisible = 0;
		};
		5FC01C9C1CC764FC007EE47F /* Build configuration list for PBXNativeTarget "Producitivity Timer" */ = {
			isa = XCConfigurationList;
			buildConfigurations = (
				5FC01C9D1CC764FC007EE47F /* Debug */,
				5FC01C9E1CC764FC007EE47F /* Release */,
			);
			defaultConfigurationIsVisible = 0;
		};
		5FC01C9F1CC764FC007EE47F /* Build configuration list for PBXNativeTarget "Producitivity TimerTests" */ = {
			isa = XCConfigurationList;
			buildConfigurations = (
				5FC01CA01CC764FC007EE47F /* Debug */,
				5FC01CA11CC764FC007EE47F /* Release */,
			);
			defaultConfigurationIsVisible = 0;
		};
		5FC01CA21CC764FC007EE47F /* Build configuration list for PBXNativeTarget "Producitivity TimerUITests" */ = {
			isa = XCConfigurationList;
			buildConfigurations = (
				5FC01CA31CC764FC007EE47F /* Debug */,
				5FC01CA41CC764FC007EE47F /* Release */,
			);
			defaultConfigurationIsVisible = 0;
		};
/* End XCConfigurationList section */
	};
	rootObject = 5FC01C3F1CC764FC007EE47F /* Project object */;
}
