// !$*UTF8*$!
{
	archiveVersion = 1;
	classes = {
	};
	objectVersion = 46;
	objects = {

/* Begin PBXBuildFile section */
		5F5A59AD1CC6684E00C0976A /* AppDelegate.swift in Sources */ = {isa = PBXBuildFile; fileRef = 5F5A59AC1CC6684E00C0976A /* AppDelegate.swift */; };
		5F5A59AF1CC6684E00C0976A /* ViewController.swift in Sources */ = {isa = PBXBuildFile; fileRef = 5F5A59AE1CC6684E00C0976A /* ViewController.swift */; };
		5F5A59B21CC6684E00C0976A /* Main.storyboard in Resources */ = {isa = PBXBuildFile; fileRef = 5F5A59B01CC6684E00C0976A /* Main.storyboard */; };
		5F5A59B41CC6684E00C0976A /* Assets.xcassets in Resources */ = {isa = PBXBuildFile; fileRef = 5F5A59B31CC6684E00C0976A /* Assets.xcassets */; };
		5F5A59B71CC6684E00C0976A /* LaunchScreen.storyboard in Resources */ = {isa = PBXBuildFile; fileRef = 5F5A59B51CC6684E00C0976A /* LaunchScreen.storyboard */; };
		5F5A59C21CC6684F00C0976A /* Quote_Of_The_DayTests.swift in Sources */ = {isa = PBXBuildFile; fileRef = 5F5A59C11CC6684F00C0976A /* Quote_Of_The_DayTests.swift */; };
		5F5A59CD1CC6684F00C0976A /* Quote_Of_The_DayUITests.swift in Sources */ = {isa = PBXBuildFile; fileRef = 5F5A59CC1CC6684F00C0976A /* Quote_Of_The_DayUITests.swift */; };
		5F5A59D21CC6684F00C0976A /* Quote Of The Day WatchKit App.app in Embed Watch Content */ = {isa = PBXBuildFile; fileRef = 5F5A59D11CC6684F00C0976A /* Quote Of The Day WatchKit App.app */; };
		5F5A59D81CC6684F00C0976A /* Interface.storyboard in Resources */ = {isa = PBXBuildFile; fileRef = 5F5A59D61CC6684F00C0976A /* Interface.storyboard */; };
		5F5A59DA1CC6684F00C0976A /* Assets.xcassets in Resources */ = {isa = PBXBuildFile; fileRef = 5F5A59D91CC6684F00C0976A /* Assets.xcassets */; };
		5F5A59E11CC6684F00C0976A /* Quote Of The Day WatchKit Extension.appex in Embed App Extensions */ = {isa = PBXBuildFile; fileRef = 5F5A59E01CC6684F00C0976A /* Quote Of The Day WatchKit Extension.appex */; settings = {ATTRIBUTES = (RemoveHeadersOnCopy, ); }; };
		5F5A59E81CC6684F00C0976A /* InterfaceController.swift in Sources */ = {isa = PBXBuildFile; fileRef = 5F5A59E71CC6684F00C0976A /* InterfaceController.swift */; };
		5F5A59EA1CC6684F00C0976A /* ExtensionDelegate.swift in Sources */ = {isa = PBXBuildFile; fileRef = 5F5A59E91CC6684F00C0976A /* ExtensionDelegate.swift */; };
		5F5A59EC1CC6684F00C0976A /* NotificationController.swift in Sources */ = {isa = PBXBuildFile; fileRef = 5F5A59EB1CC6684F00C0976A /* NotificationController.swift */; };
		5F5A59EE1CC6684F00C0976A /* GlanceController.swift in Sources */ = {isa = PBXBuildFile; fileRef = 5F5A59ED1CC6684F00C0976A /* GlanceController.swift */; };
		5F5A59F01CC6684F00C0976A /* ComplicationController.swift in Sources */ = {isa = PBXBuildFile; fileRef = 5F5A59EF1CC6684F00C0976A /* ComplicationController.swift */; };
		5F5A59F21CC6684F00C0976A /* Assets.xcassets in Resources */ = {isa = PBXBuildFile; fileRef = 5F5A59F11CC6684F00C0976A /* Assets.xcassets */; };
/* End PBXBuildFile section */

/* Begin PBXContainerItemProxy section */
		5F5A59BE1CC6684F00C0976A /* PBXContainerItemProxy */ = {
			isa = PBXContainerItemProxy;
			containerPortal = 5F5A59A11CC6684E00C0976A /* Project object */;
			proxyType = 1;
			remoteGlobalIDString = 5F5A59A81CC6684E00C0976A;
			remoteInfo = "Quote Of The Day";
		};
		5F5A59C91CC6684F00C0976A /* PBXContainerItemProxy */ = {
			isa = PBXContainerItemProxy;
			containerPortal = 5F5A59A11CC6684E00C0976A /* Project object */;
			proxyType = 1;
			remoteGlobalIDString = 5F5A59A81CC6684E00C0976A;
			remoteInfo = "Quote Of The Day";
		};
		5F5A59D31CC6684F00C0976A /* PBXContainerItemProxy */ = {
			isa = PBXContainerItemProxy;
			containerPortal = 5F5A59A11CC6684E00C0976A /* Project object */;
			proxyType = 1;
			remoteGlobalIDString = 5F5A59D01CC6684F00C0976A;
			remoteInfo = "Quote Of The Day WatchKit App";
		};
		5F5A59E21CC6684F00C0976A /* PBXContainerItemProxy */ = {
			isa = PBXContainerItemProxy;
			containerPortal = 5F5A59A11CC6684E00C0976A /* Project object */;
			proxyType = 1;
			remoteGlobalIDString = 5F5A59DF1CC6684F00C0976A;
			remoteInfo = "Quote Of The Day WatchKit Extension";
		};
/* End PBXContainerItemProxy section */

/* Begin PBXCopyFilesBuildPhase section */
		5F5A59F91CC6684F00C0976A /* Embed App Extensions */ = {
			isa = PBXCopyFilesBuildPhase;
			buildActionMask = 2147483647;
			dstPath = "";
			dstSubfolderSpec = 13;
			files = (
				5F5A59E11CC6684F00C0976A /* Quote Of The Day WatchKit Extension.appex in Embed App Extensions */,
			);
			name = "Embed App Extensions";
			runOnlyForDeploymentPostprocessing = 0;
		};
		5F5A59FD1CC6684F00C0976A /* Embed Watch Content */ = {
			isa = PBXCopyFilesBuildPhase;
			buildActionMask = 2147483647;
			dstPath = "$(CONTENTS_FOLDER_PATH)/Watch";
			dstSubfolderSpec = 16;
			files = (
				5F5A59D21CC6684F00C0976A /* Quote Of The Day WatchKit App.app in Embed Watch Content */,
			);
			name = "Embed Watch Content";
			runOnlyForDeploymentPostprocessing = 0;
		};
/* End PBXCopyFilesBuildPhase section */

/* Begin PBXFileReference section */
		5F5A59A91CC6684E00C0976A /* Quote Of The Day.app */ = {isa = PBXFileReference; explicitFileType = wrapper.application; includeInIndex = 0; path = "Quote Of The Day.app"; sourceTree = BUILT_PRODUCTS_DIR; };
		5F5A59AC1CC6684E00C0976A /* AppDelegate.swift */ = {isa = PBXFileReference; lastKnownFileType = sourcecode.swift; path = AppDelegate.swift; sourceTree = "<group>"; };
		5F5A59AE1CC6684E00C0976A /* ViewController.swift */ = {isa = PBXFileReference; lastKnownFileType = sourcecode.swift; path = ViewController.swift; sourceTree = "<group>"; };
		5F5A59B11CC6684E00C0976A /* Base */ = {isa = PBXFileReference; lastKnownFileType = file.storyboard; name = Base; path = Base.lproj/Main.storyboard; sourceTree = "<group>"; };
		5F5A59B31CC6684E00C0976A /* Assets.xcassets */ = {isa = PBXFileReference; lastKnownFileType = folder.assetcatalog; path = Assets.xcassets; sourceTree = "<group>"; };
		5F5A59B61CC6684E00C0976A /* Base */ = {isa = PBXFileReference; lastKnownFileType = file.storyboard; name = Base; path = Base.lproj/LaunchScreen.storyboard; sourceTree = "<group>"; };
		5F5A59B81CC6684E00C0976A /* Info.plist */ = {isa = PBXFileReference; lastKnownFileType = text.plist.xml; path = Info.plist; sourceTree = "<group>"; };
		5F5A59BD1CC6684F00C0976A /* Quote Of The DayTests.xctest */ = {isa = PBXFileReference; explicitFileType = wrapper.cfbundle; includeInIndex = 0; path = "Quote Of The DayTests.xctest"; sourceTree = BUILT_PRODUCTS_DIR; };
		5F5A59C11CC6684F00C0976A /* Quote_Of_The_DayTests.swift */ = {isa = PBXFileReference; lastKnownFileType = sourcecode.swift; path = Quote_Of_The_DayTests.swift; sourceTree = "<group>"; };
		5F5A59C31CC6684F00C0976A /* Info.plist */ = {isa = PBXFileReference; lastKnownFileType = text.plist.xml; path = Info.plist; sourceTree = "<group>"; };
		5F5A59C81CC6684F00C0976A /* Quote Of The DayUITests.xctest */ = {isa = PBXFileReference; explicitFileType = wrapper.cfbundle; includeInIndex = 0; path = "Quote Of The DayUITests.xctest"; sourceTree = BUILT_PRODUCTS_DIR; };
		5F5A59CC1CC6684F00C0976A /* Quote_Of_The_DayUITests.swift */ = {isa = PBXFileReference; lastKnownFileType = sourcecode.swift; path = Quote_Of_The_DayUITests.swift; sourceTree = "<group>"; };
		5F5A59CE1CC6684F00C0976A /* Info.plist */ = {isa = PBXFileReference; lastKnownFileType = text.plist.xml; path = Info.plist; sourceTree = "<group>"; };
		5F5A59D11CC6684F00C0976A /* Quote Of The Day WatchKit App.app */ = {isa = PBXFileReference; explicitFileType = wrapper.application; includeInIndex = 0; path = "Quote Of The Day WatchKit App.app"; sourceTree = BUILT_PRODUCTS_DIR; };
		5F5A59D71CC6684F00C0976A /* Base */ = {isa = PBXFileReference; lastKnownFileType = file.storyboard; name = Base; path = Base.lproj/Interface.storyboard; sourceTree = "<group>"; };
		5F5A59D91CC6684F00C0976A /* Assets.xcassets */ = {isa = PBXFileReference; lastKnownFileType = folder.assetcatalog; path = Assets.xcassets; sourceTree = "<group>"; };
		5F5A59DB1CC6684F00C0976A /* Info.plist */ = {isa = PBXFileReference; lastKnownFileType = text.plist.xml; path = Info.plist; sourceTree = "<group>"; };
		5F5A59E01CC6684F00C0976A /* Quote Of The Day WatchKit Extension.appex */ = {isa = PBXFileReference; explicitFileType = "wrapper.app-extension"; includeInIndex = 0; path = "Quote Of The Day WatchKit Extension.appex"; sourceTree = BUILT_PRODUCTS_DIR; };
		5F5A59E61CC6684F00C0976A /* PushNotificationPayload.apns */ = {isa = PBXFileReference; lastKnownFileType = text; path = PushNotificationPayload.apns; sourceTree = "<group>"; };
		5F5A59E71CC6684F00C0976A /* InterfaceController.swift */ = {isa = PBXFileReference; lastKnownFileType = sourcecode.swift; path = InterfaceController.swift; sourceTree = "<group>"; };
		5F5A59E91CC6684F00C0976A /* ExtensionDelegate.swift */ = {isa = PBXFileReference; lastKnownFileType = sourcecode.swift; path = ExtensionDelegate.swift; sourceTree = "<group>"; };
		5F5A59EB1CC6684F00C0976A /* NotificationController.swift */ = {isa = PBXFileReference; lastKnownFileType = sourcecode.swift; path = NotificationController.swift; sourceTree = "<group>"; };
		5F5A59ED1CC6684F00C0976A /* GlanceController.swift */ = {isa = PBXFileReference; lastKnownFileType = sourcecode.swift; path = GlanceController.swift; sourceTree = "<group>"; };
		5F5A59EF1CC6684F00C0976A /* ComplicationController.swift */ = {isa = PBXFileReference; lastKnownFileType = sourcecode.swift; path = ComplicationController.swift; sourceTree = "<group>"; };
		5F5A59F11CC6684F00C0976A /* Assets.xcassets */ = {isa = PBXFileReference; lastKnownFileType = folder.assetcatalog; path = Assets.xcassets; sourceTree = "<group>"; };
		5F5A59F31CC6684F00C0976A /* Info.plist */ = {isa = PBXFileReference; lastKnownFileType = text.plist.xml; path = Info.plist; sourceTree = "<group>"; };
/* End PBXFileReference section */

/* Begin PBXFrameworksBuildPhase section */
		5F5A59A61CC6684E00C0976A /* Frameworks */ = {
			isa = PBXFrameworksBuildPhase;
			buildActionMask = 2147483647;
			files = (
			);
			runOnlyForDeploymentPostprocessing = 0;
		};
		5F5A59BA1CC6684F00C0976A /* Frameworks */ = {
			isa = PBXFrameworksBuildPhase;
			buildActionMask = 2147483647;
			files = (
			);
			runOnlyForDeploymentPostprocessing = 0;
		};
		5F5A59C51CC6684F00C0976A /* Frameworks */ = {
			isa = PBXFrameworksBuildPhase;
			buildActionMask = 2147483647;
			files = (
			);
			runOnlyForDeploymentPostprocessing = 0;
		};
		5F5A59DD1CC6684F00C0976A /* Frameworks */ = {
			isa = PBXFrameworksBuildPhase;
			buildActionMask = 2147483647;
			files = (
			);
			runOnlyForDeploymentPostprocessing = 0;
		};
/* End PBXFrameworksBuildPhase section */

/* Begin PBXGroup section */
		5F5A59A01CC6684E00C0976A = {
			isa = PBXGroup;
			children = (
				5F5A59AB1CC6684E00C0976A /* Quote Of The Day */,
				5F5A59C01CC6684F00C0976A /* Quote Of The DayTests */,
				5F5A59CB1CC6684F00C0976A /* Quote Of The DayUITests */,
				5F5A59D51CC6684F00C0976A /* Quote Of The Day WatchKit App */,
				5F5A59E41CC6684F00C0976A /* Quote Of The Day WatchKit Extension */,
				5F5A59AA1CC6684E00C0976A /* Products */,
			);
			sourceTree = "<group>";
		};
		5F5A59AA1CC6684E00C0976A /* Products */ = {
			isa = PBXGroup;
			children = (
				5F5A59A91CC6684E00C0976A /* Quote Of The Day.app */,
				5F5A59BD1CC6684F00C0976A /* Quote Of The DayTests.xctest */,
				5F5A59C81CC6684F00C0976A /* Quote Of The DayUITests.xctest */,
				5F5A59D11CC6684F00C0976A /* Quote Of The Day WatchKit App.app */,
				5F5A59E01CC6684F00C0976A /* Quote Of The Day WatchKit Extension.appex */,
			);
			name = Products;
			sourceTree = "<group>";
		};
		5F5A59AB1CC6684E00C0976A /* Quote Of The Day */ = {
			isa = PBXGroup;
			children = (
				5F5A59AC1CC6684E00C0976A /* AppDelegate.swift */,
				5F5A59AE1CC6684E00C0976A /* ViewController.swift */,
				5F5A59B01CC6684E00C0976A /* Main.storyboard */,
				5F5A59B31CC6684E00C0976A /* Assets.xcassets */,
				5F5A59B51CC6684E00C0976A /* LaunchScreen.storyboard */,
				5F5A59B81CC6684E00C0976A /* Info.plist */,
			);
			path = "Quote Of The Day";
			sourceTree = "<group>";
		};
		5F5A59C01CC6684F00C0976A /* Quote Of The DayTests */ = {
			isa = PBXGroup;
			children = (
				5F5A59C11CC6684F00C0976A /* Quote_Of_The_DayTests.swift */,
				5F5A59C31CC6684F00C0976A /* Info.plist */,
			);
			path = "Quote Of The DayTests";
			sourceTree = "<group>";
		};
		5F5A59CB1CC6684F00C0976A /* Quote Of The DayUITests */ = {
			isa = PBXGroup;
			children = (
				5F5A59CC1CC6684F00C0976A /* Quote_Of_The_DayUITests.swift */,
				5F5A59CE1CC6684F00C0976A /* Info.plist */,
			);
			path = "Quote Of The DayUITests";
			sourceTree = "<group>";
		};
		5F5A59D51CC6684F00C0976A /* Quote Of The Day WatchKit App */ = {
			isa = PBXGroup;
			children = (
				5F5A59D61CC6684F00C0976A /* Interface.storyboard */,
				5F5A59D91CC6684F00C0976A /* Assets.xcassets */,
				5F5A59DB1CC6684F00C0976A /* Info.plist */,
			);
			path = "Quote Of The Day WatchKit App";
			sourceTree = "<group>";
		};
		5F5A59E41CC6684F00C0976A /* Quote Of The Day WatchKit Extension */ = {
			isa = PBXGroup;
			children = (
				5F5A59E71CC6684F00C0976A /* InterfaceController.swift */,
				5F5A59E91CC6684F00C0976A /* ExtensionDelegate.swift */,
				5F5A59EB1CC6684F00C0976A /* NotificationController.swift */,
				5F5A59ED1CC6684F00C0976A /* GlanceController.swift */,
				5F5A59EF1CC6684F00C0976A /* ComplicationController.swift */,
				5F5A59F11CC6684F00C0976A /* Assets.xcassets */,
				5F5A59F31CC6684F00C0976A /* Info.plist */,
				5F5A59E51CC6684F00C0976A /* Supporting Files */,
			);
			path = "Quote Of The Day WatchKit Extension";
			sourceTree = "<group>";
		};
		5F5A59E51CC6684F00C0976A /* Supporting Files */ = {
			isa = PBXGroup;
			children = (
				5F5A59E61CC6684F00C0976A /* PushNotificationPayload.apns */,
			);
			name = "Supporting Files";
			sourceTree = "<group>";
		};
/* End PBXGroup section */

/* Begin PBXNativeTarget section */
		5F5A59A81CC6684E00C0976A /* Quote Of The Day */ = {
			isa = PBXNativeTarget;
			buildConfigurationList = 5F5A59FE1CC6684F00C0976A /* Build configuration list for PBXNativeTarget "Quote Of The Day" */;
			buildPhases = (
				5F5A59A51CC6684E00C0976A /* Sources */,
				5F5A59A61CC6684E00C0976A /* Frameworks */,
				5F5A59A71CC6684E00C0976A /* Resources */,
				5F5A59FD1CC6684F00C0976A /* Embed Watch Content */,
			);
			buildRules = (
			);
			dependencies = (
				5F5A59D41CC6684F00C0976A /* PBXTargetDependency */,
			);
			name = "Quote Of The Day";
			productName = "Quote Of The Day";
			productReference = 5F5A59A91CC6684E00C0976A /* Quote Of The Day.app */;
			productType = "com.apple.product-type.application";
		};
		5F5A59BC1CC6684F00C0976A /* Quote Of The DayTests */ = {
			isa = PBXNativeTarget;
			buildConfigurationList = 5F5A5A011CC6684F00C0976A /* Build configuration list for PBXNativeTarget "Quote Of The DayTests" */;
			buildPhases = (
				5F5A59B91CC6684F00C0976A /* Sources */,
				5F5A59BA1CC6684F00C0976A /* Frameworks */,
				5F5A59BB1CC6684F00C0976A /* Resources */,
			);
			buildRules = (
			);
			dependencies = (
				5F5A59BF1CC6684F00C0976A /* PBXTargetDependency */,
			);
			name = "Quote Of The DayTests";
			productName = "Quote Of The DayTests";
			productReference = 5F5A59BD1CC6684F00C0976A /* Quote Of The DayTests.xctest */;
			productType = "com.apple.product-type.bundle.unit-test";
		};
		5F5A59C71CC6684F00C0976A /* Quote Of The DayUITests */ = {
			isa = PBXNativeTarget;
			buildConfigurationList = 5F5A5A041CC6684F00C0976A /* Build configuration list for PBXNativeTarget "Quote Of The DayUITests" */;
			buildPhases = (
				5F5A59C41CC6684F00C0976A /* Sources */,
				5F5A59C51CC6684F00C0976A /* Frameworks */,
				5F5A59C61CC6684F00C0976A /* Resources */,
			);
			buildRules = (
			);
			dependencies = (
				5F5A59CA1CC6684F00C0976A /* PBXTargetDependency */,
			);
			name = "Quote Of The DayUITests";
			productName = "Quote Of The DayUITests";
			productReference = 5F5A59C81CC6684F00C0976A /* Quote Of The DayUITests.xctest */;
			productType = "com.apple.product-type.bundle.ui-testing";
		};
		5F5A59D01CC6684F00C0976A /* Quote Of The Day WatchKit App */ = {
			isa = PBXNativeTarget;
			buildConfigurationList = 5F5A59FA1CC6684F00C0976A /* Build configuration list for PBXNativeTarget "Quote Of The Day WatchKit App" */;
			buildPhases = (
				5F5A59CF1CC6684F00C0976A /* Resources */,
				5F5A59F91CC6684F00C0976A /* Embed App Extensions */,
			);
			buildRules = (
			);
			dependencies = (
				5F5A59E31CC6684F00C0976A /* PBXTargetDependency */,
			);
			name = "Quote Of The Day WatchKit App";
			productName = "Quote Of The Day WatchKit App";
			productReference = 5F5A59D11CC6684F00C0976A /* Quote Of The Day WatchKit App.app */;
			productType = "com.apple.product-type.application.watchapp2";
		};
		5F5A59DF1CC6684F00C0976A /* Quote Of The Day WatchKit Extension */ = {
			isa = PBXNativeTarget;
			buildConfigurationList = 5F5A59F61CC6684F00C0976A /* Build configuration list for PBXNativeTarget "Quote Of The Day WatchKit Extension" */;
			buildPhases = (
				5F5A59DC1CC6684F00C0976A /* Sources */,
				5F5A59DD1CC6684F00C0976A /* Frameworks */,
				5F5A59DE1CC6684F00C0976A /* Resources */,
			);
			buildRules = (
			);
			dependencies = (
			);
			name = "Quote Of The Day WatchKit Extension";
			productName = "Quote Of The Day WatchKit Extension";
			productReference = 5F5A59E01CC6684F00C0976A /* Quote Of The Day WatchKit Extension.appex */;
			productType = "com.apple.product-type.watchkit2-extension";
		};
/* End PBXNativeTarget section */

/* Begin PBXProject section */
		5F5A59A11CC6684E00C0976A /* Project object */ = {
			isa = PBXProject;
			attributes = {
				LastSwiftUpdateCheck = 0730;
				LastUpgradeCheck = 0730;
				ORGANIZATIONNAME = "Pasha Cretsu";
				TargetAttributes = {
					5F5A59A81CC6684E00C0976A = {
						CreatedOnToolsVersion = 7.3;
					};
					5F5A59BC1CC6684F00C0976A = {
						CreatedOnToolsVersion = 7.3;
						TestTargetID = 5F5A59A81CC6684E00C0976A;
					};
					5F5A59C71CC6684F00C0976A = {
						CreatedOnToolsVersion = 7.3;
						TestTargetID = 5F5A59A81CC6684E00C0976A;
					};
					5F5A59D01CC6684F00C0976A = {
						CreatedOnToolsVersion = 7.3;
					};
					5F5A59DF1CC6684F00C0976A = {
						CreatedOnToolsVersion = 7.3;
					};
				};
			};
			buildConfigurationList = 5F5A59A41CC6684E00C0976A /* Build configuration list for PBXProject "Quote Of The Day" */;
			compatibilityVersion = "Xcode 3.2";
			developmentRegion = English;
			hasScannedForEncodings = 0;
			knownRegions = (
				en,
				Base,
			);
			mainGroup = 5F5A59A01CC6684E00C0976A;
			productRefGroup = 5F5A59AA1CC6684E00C0976A /* Products */;
			projectDirPath = "";
			projectRoot = "";
			targets = (
				5F5A59A81CC6684E00C0976A /* Quote Of The Day */,
				5F5A59BC1CC6684F00C0976A /* Quote Of The DayTests */,
				5F5A59C71CC6684F00C0976A /* Quote Of The DayUITests */,
				5F5A59D01CC6684F00C0976A /* Quote Of The Day WatchKit App */,
				5F5A59DF1CC6684F00C0976A /* Quote Of The Day WatchKit Extension */,
			);
		};
/* End PBXProject section */

/* Begin PBXResourcesBuildPhase section */
		5F5A59A71CC6684E00C0976A /* Resources */ = {
			isa = PBXResourcesBuildPhase;
			buildActionMask = 2147483647;
			files = (
				5F5A59B71CC6684E00C0976A /* LaunchScreen.storyboard in Resources */,
				5F5A59B41CC6684E00C0976A /* Assets.xcassets in Resources */,
				5F5A59B21CC6684E00C0976A /* Main.storyboard in Resources */,
			);
			runOnlyForDeploymentPostprocessing = 0;
		};
		5F5A59BB1CC6684F00C0976A /* Resources */ = {
			isa = PBXResourcesBuildPhase;
			buildActionMask = 2147483647;
			files = (
			);
			runOnlyForDeploymentPostprocessing = 0;
		};
		5F5A59C61CC6684F00C0976A /* Resources */ = {
			isa = PBXResourcesBuildPhase;
			buildActionMask = 2147483647;
			files = (
			);
			runOnlyForDeploymentPostprocessing = 0;
		};
		5F5A59CF1CC6684F00C0976A /* Resources */ = {
			isa = PBXResourcesBuildPhase;
			buildActionMask = 2147483647;
			files = (
				5F5A59DA1CC6684F00C0976A /* Assets.xcassets in Resources */,
				5F5A59D81CC6684F00C0976A /* Interface.storyboard in Resources */,
			);
			runOnlyForDeploymentPostprocessing = 0;
		};
		5F5A59DE1CC6684F00C0976A /* Resources */ = {
			isa = PBXResourcesBuildPhase;
			buildActionMask = 2147483647;
			files = (
				5F5A59F21CC6684F00C0976A /* Assets.xcassets in Resources */,
			);
			runOnlyForDeploymentPostprocessing = 0;
		};
/* End PBXResourcesBuildPhase section */

/* Begin PBXSourcesBuildPhase section */
		5F5A59A51CC6684E00C0976A /* Sources */ = {
			isa = PBXSourcesBuildPhase;
			buildActionMask = 2147483647;
			files = (
				5F5A59AF1CC6684E00C0976A /* ViewController.swift in Sources */,
				5F5A59AD1CC6684E00C0976A /* AppDelegate.swift in Sources */,
			);
			runOnlyForDeploymentPostprocessing = 0;
		};
		5F5A59B91CC6684F00C0976A /* Sources */ = {
			isa = PBXSourcesBuildPhase;
			buildActionMask = 2147483647;
			files = (
				5F5A59C21CC6684F00C0976A /* Quote_Of_The_DayTests.swift in Sources */,
			);
			runOnlyForDeploymentPostprocessing = 0;
		};
		5F5A59C41CC6684F00C0976A /* Sources */ = {
			isa = PBXSourcesBuildPhase;
			buildActionMask = 2147483647;
			files = (
				5F5A59CD1CC6684F00C0976A /* Quote_Of_The_DayUITests.swift in Sources */,
			);
			runOnlyForDeploymentPostprocessing = 0;
		};
		5F5A59DC1CC6684F00C0976A /* Sources */ = {
			isa = PBXSourcesBuildPhase;
			buildActionMask = 2147483647;
			files = (
				5F5A59EC1CC6684F00C0976A /* NotificationController.swift in Sources */,
				5F5A59EA1CC6684F00C0976A /* ExtensionDelegate.swift in Sources */,
				5F5A59F01CC6684F00C0976A /* ComplicationController.swift in Sources */,
				5F5A59E81CC6684F00C0976A /* InterfaceController.swift in Sources */,
				5F5A59EE1CC6684F00C0976A /* GlanceController.swift in Sources */,
			);
			runOnlyForDeploymentPostprocessing = 0;
		};
/* End PBXSourcesBuildPhase section */

/* Begin PBXTargetDependency section */
		5F5A59BF1CC6684F00C0976A /* PBXTargetDependency */ = {
			isa = PBXTargetDependency;
			target = 5F5A59A81CC6684E00C0976A /* Quote Of The Day */;
			targetProxy = 5F5A59BE1CC6684F00C0976A /* PBXContainerItemProxy */;
		};
		5F5A59CA1CC6684F00C0976A /* PBXTargetDependency */ = {
			isa = PBXTargetDependency;
			target = 5F5A59A81CC6684E00C0976A /* Quote Of The Day */;
			targetProxy = 5F5A59C91CC6684F00C0976A /* PBXContainerItemProxy */;
		};
		5F5A59D41CC6684F00C0976A /* PBXTargetDependency */ = {
			isa = PBXTargetDependency;
			target = 5F5A59D01CC6684F00C0976A /* Quote Of The Day WatchKit App */;
			targetProxy = 5F5A59D31CC6684F00C0976A /* PBXContainerItemProxy */;
		};
		5F5A59E31CC6684F00C0976A /* PBXTargetDependency */ = {
			isa = PBXTargetDependency;
			target = 5F5A59DF1CC6684F00C0976A /* Quote Of The Day WatchKit Extension */;
			targetProxy = 5F5A59E21CC6684F00C0976A /* PBXContainerItemProxy */;
		};
/* End PBXTargetDependency section */

/* Begin PBXVariantGroup section */
		5F5A59B01CC6684E00C0976A /* Main.storyboard */ = {
			isa = PBXVariantGroup;
			children = (
				5F5A59B11CC6684E00C0976A /* Base */,
			);
			name = Main.storyboard;
			sourceTree = "<group>";
		};
		5F5A59B51CC6684E00C0976A /* LaunchScreen.storyboard */ = {
			isa = PBXVariantGroup;
			children = (
				5F5A59B61CC6684E00C0976A /* Base */,
			);
			name = LaunchScreen.storyboard;
			sourceTree = "<group>";
		};
		5F5A59D61CC6684F00C0976A /* Interface.storyboard */ = {
			isa = PBXVariantGroup;
			children = (
				5F5A59D71CC6684F00C0976A /* Base */,
			);
			name = Interface.storyboard;
			sourceTree = "<group>";
		};
/* End PBXVariantGroup section */

/* Begin XCBuildConfiguration section */
		5F5A59F41CC6684F00C0976A /* Debug */ = {
			isa = XCBuildConfiguration;
			buildSettings = {
				ALWAYS_SEARCH_USER_PATHS = NO;
				CLANG_ANALYZER_NONNULL = YES;
				CLANG_CXX_LANGUAGE_STANDARD = "gnu++0x";
				CLANG_CXX_LIBRARY = "libc++";
				CLANG_ENABLE_MODULES = YES;
				CLANG_ENABLE_OBJC_ARC = YES;
				CLANG_WARN_BOOL_CONVERSION = YES;
				CLANG_WARN_CONSTANT_CONVERSION = YES;
				CLANG_WARN_DIRECT_OBJC_ISA_USAGE = YES_ERROR;
				CLANG_WARN_EMPTY_BODY = YES;
				CLANG_WARN_ENUM_CONVERSION = YES;
				CLANG_WARN_INT_CONVERSION = YES;
				CLANG_WARN_OBJC_ROOT_CLASS = YES_ERROR;
				CLANG_WARN_UNREACHABLE_CODE = YES;
				CLANG_WARN__DUPLICATE_METHOD_MATCH = YES;
				"CODE_SIGN_IDENTITY[sdk=iphoneos*]" = "iPhone Developer";
				COPY_PHASE_STRIP = NO;
				DEBUG_INFORMATION_FORMAT = dwarf;
				ENABLE_STRICT_OBJC_MSGSEND = YES;
				ENABLE_TESTABILITY = YES;
				GCC_C_LANGUAGE_STANDARD = gnu99;
				GCC_DYNAMIC_NO_PIC = NO;
				GCC_NO_COMMON_BLOCKS = YES;
				GCC_OPTIMIZATION_LEVEL = 0;
				GCC_PREPROCESSOR_DEFINITIONS = (
					"DEBUG=1",
					"$(inherited)",
				);
				GCC_WARN_64_TO_32_BIT_CONVERSION = YES;
				GCC_WARN_ABOUT_RETURN_TYPE = YES_ERROR;
				GCC_WARN_UNDECLARED_SELECTOR = YES;
				GCC_WARN_UNINITIALIZED_AUTOS = YES_AGGRESSIVE;
				GCC_WARN_UNUSED_FUNCTION = YES;
				GCC_WARN_UNUSED_VARIABLE = YES;
				IPHONEOS_DEPLOYMENT_TARGET = 9.3;
				MTL_ENABLE_DEBUG_INFO = YES;
				ONLY_ACTIVE_ARCH = YES;
				SDKROOT = iphoneos;
				SWIFT_OPTIMIZATION_LEVEL = "-Onone";
			};
			name = Debug;
		};
		5F5A59F51CC6684F00C0976A /* Release */ = {
			isa = XCBuildConfiguration;
			buildSettings = {
				ALWAYS_SEARCH_USER_PATHS = NO;
				CLANG_ANALYZER_NONNULL = YES;
				CLANG_CXX_LANGUAGE_STANDARD = "gnu++0x";
				CLANG_CXX_LIBRARY = "libc++";
				CLANG_ENABLE_MODULES = YES;
				CLANG_ENABLE_OBJC_ARC = YES;
				CLANG_WARN_BOOL_CONVERSION = YES;
				CLANG_WARN_CONSTANT_CONVERSION = YES;
				CLANG_WARN_DIRECT_OBJC_ISA_USAGE = YES_ERROR;
				CLANG_WARN_EMPTY_BODY = YES;
				CLANG_WARN_ENUM_CONVERSION = YES;
				CLANG_WARN_INT_CONVERSION = YES;
				CLANG_WARN_OBJC_ROOT_CLASS = YES_ERROR;
				CLANG_WARN_UNREACHABLE_CODE = YES;
				CLANG_WARN__DUPLICATE_METHOD_MATCH = YES;
				"CODE_SIGN_IDENTITY[sdk=iphoneos*]" = "iPhone Developer";
				COPY_PHASE_STRIP = NO;
				DEBUG_INFORMATION_FORMAT = "dwarf-with-dsym";
				ENABLE_NS_ASSERTIONS = NO;
				ENABLE_STRICT_OBJC_MSGSEND = YES;
				GCC_C_LANGUAGE_STANDARD = gnu99;
				GCC_NO_COMMON_BLOCKS = YES;
				GCC_WARN_64_TO_32_BIT_CONVERSION = YES;
				GCC_WARN_ABOUT_RETURN_TYPE = YES_ERROR;
				GCC_WARN_UNDECLARED_SELECTOR = YES;
				GCC_WARN_UNINITIALIZED_AUTOS = YES_AGGRESSIVE;
				GCC_WARN_UNUSED_FUNCTION = YES;
				GCC_WARN_UNUSED_VARIABLE = YES;
				IPHONEOS_DEPLOYMENT_TARGET = 9.3;
				MTL_ENABLE_DEBUG_INFO = NO;
				SDKROOT = iphoneos;
				VALIDATE_PRODUCT = YES;
			};
			name = Release;
		};
		5F5A59F71CC6684F00C0976A /* Debug */ = {
			isa = XCBuildConfiguration;
			buildSettings = {
				ASSETCATALOG_COMPILER_COMPLICATION_NAME = Complication;
				INFOPLIST_FILE = "Quote Of The Day WatchKit Extension/Info.plist";
				LD_RUNPATH_SEARCH_PATHS = "$(inherited) @executable_path/Frameworks @executable_path/../../Frameworks";
				PRODUCT_BUNDLE_IDENTIFIER = "com.qlicks.test.Quote-Of-The-Day.watchkitapp.watchkitextension";
				PRODUCT_NAME = "${TARGET_NAME}";
				SDKROOT = watchos;
				SKIP_INSTALL = YES;
				TARGETED_DEVICE_FAMILY = 4;
				WATCHOS_DEPLOYMENT_TARGET = 2.2;
			};
			name = Debug;
		};
		5F5A59F81CC6684F00C0976A /* Release */ = {
			isa = XCBuildConfiguration;
			buildSettings = {
				ASSETCATALOG_COMPILER_COMPLICATION_NAME = Complication;
				INFOPLIST_FILE = "Quote Of The Day WatchKit Extension/Info.plist";
				LD_RUNPATH_SEARCH_PATHS = "$(inherited) @executable_path/Frameworks @executable_path/../../Frameworks";
				PRODUCT_BUNDLE_IDENTIFIER = "com.qlicks.test.Quote-Of-The-Day.watchkitapp.watchkitextension";
				PRODUCT_NAME = "${TARGET_NAME}";
				SDKROOT = watchos;
				SKIP_INSTALL = YES;
				TARGETED_DEVICE_FAMILY = 4;
				WATCHOS_DEPLOYMENT_TARGET = 2.2;
			};
			name = Release;
		};
		5F5A59FB1CC6684F00C0976A /* Debug */ = {
			isa = XCBuildConfiguration;
			buildSettings = {
				ASSETCATALOG_COMPILER_APPICON_NAME = AppIcon;
				EMBEDDED_CONTENT_CONTAINS_SWIFT = YES;
				IBSC_MODULE = Quote_Of_The_Day_WatchKit_Extension;
				INFOPLIST_FILE = "Quote Of The Day WatchKit App/Info.plist";
				PRODUCT_BUNDLE_IDENTIFIER = "com.qlicks.test.Quote-Of-The-Day.watchkitapp";
				PRODUCT_NAME = "$(TARGET_NAME)";
				SDKROOT = watchos;
				SKIP_INSTALL = YES;
				TARGETED_DEVICE_FAMILY = 4;
				WATCHOS_DEPLOYMENT_TARGET = 2.2;
			};
			name = Debug;
		};
		5F5A59FC1CC6684F00C0976A /* Release */ = {
			isa = XCBuildConfiguration;
			buildSettings = {
				ASSETCATALOG_COMPILER_APPICON_NAME = AppIcon;
				EMBEDDED_CONTENT_CONTAINS_SWIFT = YES;
				IBSC_MODULE = Quote_Of_The_Day_WatchKit_Extension;
				INFOPLIST_FILE = "Quote Of The Day WatchKit App/Info.plist";
				PRODUCT_BUNDLE_IDENTIFIER = "com.qlicks.test.Quote-Of-The-Day.watchkitapp";
				PRODUCT_NAME = "$(TARGET_NAME)";
				SDKROOT = watchos;
				SKIP_INSTALL = YES;
				TARGETED_DEVICE_FAMILY = 4;
				WATCHOS_DEPLOYMENT_TARGET = 2.2;
			};
			name = Release;
		};
		5F5A59FF1CC6684F00C0976A /* Debug */ = {
			isa = XCBuildConfiguration;
			buildSettings = {
				ASSETCATALOG_COMPILER_APPICON_NAME = AppIcon;
				INFOPLIST_FILE = "Quote Of The Day/Info.plist";
				LD_RUNPATH_SEARCH_PATHS = "$(inherited) @executable_path/Frameworks";
				PRODUCT_BUNDLE_IDENTIFIER = com.qlicks.test;
				PRODUCT_NAME = "$(TARGET_NAME)";
			};
			name = Debug;
		};
		5F5A5A001CC6684F00C0976A /* Release */ = {
			isa = XCBuildConfiguration;
			buildSettings = {
				ASSETCATALOG_COMPILER_APPICON_NAME = AppIcon;
				INFOPLIST_FILE = "Quote Of The Day/Info.plist";
				LD_RUNPATH_SEARCH_PATHS = "$(inherited) @executable_path/Frameworks";
				PRODUCT_BUNDLE_IDENTIFIER = com.qlicks.test;
				PRODUCT_NAME = "$(TARGET_NAME)";
			};
			name = Release;
		};
		5F5A5A021CC6684F00C0976A /* Debug */ = {
			isa = XCBuildConfiguration;
			buildSettings = {
				BUNDLE_LOADER = "$(TEST_HOST)";
				INFOPLIST_FILE = "Quote Of The DayTests/Info.plist";
				LD_RUNPATH_SEARCH_PATHS = "$(inherited) @executable_path/Frameworks @loader_path/Frameworks";
				PRODUCT_BUNDLE_IDENTIFIER = "com.qlicks.test.Quote-Of-The-DayTests";
				PRODUCT_NAME = "$(TARGET_NAME)";
				TEST_HOST = "$(BUILT_PRODUCTS_DIR)/Quote Of The Day.app/Quote Of The Day";
			};
			name = Debug;
		};
		5F5A5A031CC6684F00C0976A /* Release */ = {
			isa = XCBuildConfiguration;
			buildSettings = {
				BUNDLE_LOADER = "$(TEST_HOST)";
				INFOPLIST_FILE = "Quote Of The DayTests/Info.plist";
				LD_RUNPATH_SEARCH_PATHS = "$(inherited) @executable_path/Frameworks @loader_path/Frameworks";
				PRODUCT_BUNDLE_IDENTIFIER = "com.qlicks.test.Quote-Of-The-DayTests";
				PRODUCT_NAME = "$(TARGET_NAME)";
				TEST_HOST = "$(BUILT_PRODUCTS_DIR)/Quote Of The Day.app/Quote Of The Day";
			};
			name = Release;
		};
		5F5A5A051CC6684F00C0976A /* Debug */ = {
			isa = XCBuildConfiguration;
			buildSettings = {
				INFOPLIST_FILE = "Quote Of The DayUITests/Info.plist";
				LD_RUNPATH_SEARCH_PATHS = "$(inherited) @executable_path/Frameworks @loader_path/Frameworks";
				PRODUCT_BUNDLE_IDENTIFIER = "com.qlicks.test.Quote-Of-The-DayUITests";
				PRODUCT_NAME = "$(TARGET_NAME)";
				TEST_TARGET_NAME = "Quote Of The Day";
			};
			name = Debug;
		};
		5F5A5A061CC6684F00C0976A /* Release */ = {
			isa = XCBuildConfiguration;
			buildSettings = {
				INFOPLIST_FILE = "Quote Of The DayUITests/Info.plist";
				LD_RUNPATH_SEARCH_PATHS = "$(inherited) @executable_path/Frameworks @loader_path/Frameworks";
				PRODUCT_BUNDLE_IDENTIFIER = "com.qlicks.test.Quote-Of-The-DayUITests";
				PRODUCT_NAME = "$(TARGET_NAME)";
				TEST_TARGET_NAME = "Quote Of The Day";
			};
			name = Release;
		};
/* End XCBuildConfiguration section */

/* Begin XCConfigurationList section */
		5F5A59A41CC6684E00C0976A /* Build configuration list for PBXProject "Quote Of The Day" */ = {
			isa = XCConfigurationList;
			buildConfigurations = (
				5F5A59F41CC6684F00C0976A /* Debug */,
				5F5A59F51CC6684F00C0976A /* Release */,
			);
			defaultConfigurationIsVisible = 0;
			defaultConfigurationName = Release;
		};
		5F5A59F61CC6684F00C0976A /* Build configuration list for PBXNativeTarget "Quote Of The Day WatchKit Extension" */ = {
			isa = XCConfigurationList;
			buildConfigurations = (
				5F5A59F71CC6684F00C0976A /* Debug */,
				5F5A59F81CC6684F00C0976A /* Release */,
			);
			defaultConfigurationIsVisible = 0;
		};
		5F5A59FA1CC6684F00C0976A /* Build configuration list for PBXNativeTarget "Quote Of The Day WatchKit App" */ = {
			isa = XCConfigurationList;
			buildConfigurations = (
				5F5A59FB1CC6684F00C0976A /* Debug */,
				5F5A59FC1CC6684F00C0976A /* Release */,
			);
			defaultConfigurationIsVisible = 0;
		};
		5F5A59FE1CC6684F00C0976A /* Build configuration list for PBXNativeTarget "Quote Of The Day" */ = {
			isa = XCConfigurationList;
			buildConfigurations = (
				5F5A59FF1CC6684F00C0976A /* Debug */,
				5F5A5A001CC6684F00C0976A /* Release */,
			);
			defaultConfigurationIsVisible = 0;
		};
		5F5A5A011CC6684F00C0976A /* Build configuration list for PBXNativeTarget "Quote Of The DayTests" */ = {
			isa = XCConfigurationList;
			buildConfigurations = (
				5F5A5A021CC6684F00C0976A /* Debug */,
				5F5A5A031CC6684F00C0976A /* Release */,
			);
			defaultConfigurationIsVisible = 0;
		};
		5F5A5A041CC6684F00C0976A /* Build configuration list for PBXNativeTarget "Quote Of The DayUITests" */ = {
			isa = XCConfigurationList;
			buildConfigurations = (
				5F5A5A051CC6684F00C0976A /* Debug */,
				5F5A5A061CC6684F00C0976A /* Release */,
			);
			defaultConfigurationIsVisible = 0;
		};
/* End XCConfigurationList section */
	};
	rootObject = 5F5A59A11CC6684E00C0976A /* Project object */;
}
